{
  "name": "intro-prog",
  "lockfileVersion": 3,
  "requires": true,
  "packages": {
    "": {
      "dependencies": {
        "codemirror": "^5.65.21",
        "emoji-picker-element": "^1.29.1",
        "emoji-picker-element-data": "^1.8.0",
        "jsfxr": "^1.4.1"
      }
    },
    "node_modules/codemirror": {
      "version": "5.65.21",
      "resolved": "https://registry.npmjs.org/codemirror/-/codemirror-5.65.21.tgz",
      "integrity": "sha512-6teYk0bA0nR3QP0ihGMoxuKzpl5W80FpnHpBJpgy66NK3cZv5b/d/HY8PnRvfSsCG1MTfr92u2WUl+wT0E40mQ==",
      "license": "MIT"
    },
    "node_modules/emoji-picker-element": {
      "version": "1.29.1",
      "resolved": "https://registry.npmjs.org/emoji-picker-element/-/emoji-picker-element-1.29.1.tgz",
      "integrity": "sha512-TOiHzu9Dqib3x4MwcAi3wi3RdyT4SoeB4b15AvH1ks4SBwTl7DeebhZ0d3x6dNi4XfNU7IGRZ7NBQllj0RqwrQ==",
      "license": "Apache-2.0"
    },
    "node_modules/emoji-picker-element-data": {
      "version": "1.8.0",
      "resolved": "https://registry.npmjs.org/emoji-picker-element-data/-/emoji-picker-element-data-1.8.0.tgz",
      "integrity": "sha512-VfRuRJNEDLS1JKlNS4olaqhjX5S1nnZ+ZHG73b/dV8QeZyi0yPruTPEE72EmF6XO3k/9hj3lybMIYMOYXb/57A==",
      "license": "Apache-2.0"
    },
    "node_modules/jsfxr": {
      "version": "1.4.1",
      "resolved": "https://registry.npmjs.org/jsfxr/-/jsfxr-1.4.1.tgz",
      "integrity": "sha512-Xbamo2dpLF5B+ssyv6TUEIoHJ/KRt4SRK2J3JOOmUG+45XBjkGKTjR/KOyQ9sqjrx/uea/UTWI0+p5pOVm1bUw==",
      "bin": {
        "sfxr-to-wav": "sfxr-to-wav"
      }
    }
  }
}
